
Microsoft Visual Studio Solution File, Format Version 12.00
# Visual Studio Version 16
VisualStudioVersion = 16.0.29613.14
MinimumVisualStudioVersion = 10.0.40219.1
Project("{FAE04EC0-301F-11D3-BF4B-00C04F79EFBC}") = "6.het", "6.het\6.het.csproj", "{D30BEECB-E884-43B9-9AC1-F5AA18FFA011}"
EndProject
Global
	GlobalSection(SolutionConfigurationPlatforms) = preSolution
		Debug|Any CPU = Debug|Any CPU
		Release|Any CPU = Release|Any CPU
	EndGlobalSection
	GlobalSection(ProjectConfigurationPlatforms) = postSolution
		{D30BEECB-E884-43B9-9AC1-F5AA18FFA011}.Debug|Any CPU.ActiveCfg = Debug|Any CPU
		{D30BEECB-E884-43B9-9AC1-F5AA18FFA011}.Debug|Any CPU.Build.0 = Debug|Any CPU
		{D30BEECB-E884-43B9-9AC1-F5AA18FFA011}.Release|Any CPU.ActiveCfg = Release|Any CPU
		{D30BEECB-E884-43B9-9AC1-F5AA18FFA011}.Release|Any CPU.Build.0 = Release|Any CPU
	EndGlobalSection
	GlobalSection(SolutionProperties) = preSolution
		HideSolutionNode = FALSE
	EndGlobalSection
	GlobalSection(ExtensibilityGlobals) = postSolution
		SolutionGuid = {4EE672FA-42C6-4466-8834-D4C008247575}
	EndGlobalSection
EndGlobal
